// !$*UTF8*$!
{
	archiveVersion = 1;
	classes = {
	};
	objectVersion = 46;
	objects = {

/* Begin PBXBuildFile section */
		746D93491BA36349005D6040 /* AppDelegate.swift in Sources */ = {isa = PBXBuildFile; fileRef = 746D93481BA36348005D6040 /* AppDelegate.swift */; };
		746D934B1BA36349005D6040 /* ViewController.swift in Sources */ = {isa = PBXBuildFile; fileRef = 746D934A1BA36349005D6040 /* ViewController.swift */; };
		746D934E1BA36349005D6040 /* Main.storyboard in Resources */ = {isa = PBXBuildFile; fileRef = 746D934C1BA36349005D6040 /* Main.storyboard */; };
		746D93501BA36349005D6040 /* Images.xcassets in Resources */ = {isa = PBXBuildFile; fileRef = 746D934F1BA36349005D6040 /* Images.xcassets */; };
		746D93531BA36349005D6040 /* LaunchScreen.xib in Resources */ = {isa = PBXBuildFile; fileRef = 746D93511BA36349005D6040 /* LaunchScreen.xib */; };
		746D935F1BA36349005D6040 /* SwiftBLEDemoTests.swift in Sources */ = {isa = PBXBuildFile; fileRef = 746D935E1BA36349005D6040 /* SwiftBLEDemoTests.swift */; };
		746D93691BA3664C005D6040 /* CoreBluetooth.framework in Frameworks */ = {isa = PBXBuildFile; fileRef = 746D93681BA3664C005D6040 /* CoreBluetooth.framework */; };
		746D936B1BA36667005D6040 /* PeripheralViewController.swift in Sources */ = {isa = PBXBuildFile; fileRef = 746D936A1BA36667005D6040 /* PeripheralViewController.swift */; };
		746D936D1BA36FF5005D6040 /* Constants.swift in Sources */ = {isa = PBXBuildFile; fileRef = 746D936C1BA36FF5005D6040 /* Constants.swift */; };
		746D936F1BA42CE8005D6040 /* CentralViewController.swift in Sources */ = {isa = PBXBuildFile; fileRef = 746D936E1BA42CE8005D6040 /* CentralViewController.swift */; };
/* End PBXBuildFile section */

/* Begin PBXContainerItemProxy section */
		746D93591BA36349005D6040 /* PBXContainerItemProxy */ = {
			isa = PBXContainerItemProxy;
			containerPortal = 746D933B1BA36348005D6040 /* Project object */;
			proxyType = 1;
			remoteGlobalIDString = 746D93421BA36348005D6040;
			remoteInfo = SwiftBLEDemo;
		};
/* End PBXContainerItemProxy section */

/* Begin PBXFileReference section */
		746D93431BA36348005D6040 /* SwiftBLEDemo.app */ = {isa = PBXFileReference; explicitFileType = wrapper.application; includeInIndex = 0; path = SwiftBLEDemo.app; sourceTree = BUILT_PRODUCTS_DIR; };
		746D93471BA36348005D6040 /* Info.plist */ = {isa = PBXFileReference; lastKnownFileType = text.plist.xml; path = Info.plist; sourceTree = "<group>"; };
		746D93481BA36348005D6040 /* AppDelegate.swift */ = {isa = PBXFileReference; lastKnownFileType = sourcecode.swift; path = AppDelegate.swift; sourceTree = "<group>"; };
		746D934A1BA36349005D6040 /* ViewController.swift */ = {isa = PBXFileReference; lastKnownFileType = sourcecode.swift; path = ViewController.swift; sourceTree = "<group>"; };
		746D934D1BA36349005D6040 /* Base */ = {isa = PBXFileReference; lastKnownFileType = file.storyboard; name = Base; path = Base.lproj/Main.storyboard; sourceTree = "<group>"; };
		746D934F1BA36349005D6040 /* Images.xcassets */ = {isa = PBXFileReference; lastKnownFileType = folder.assetcatalog; path = Images.xcassets; sourceTree = "<group>"; };
		746D93521BA36349005D6040 /* Base */ = {isa = PBXFileReference; lastKnownFileType = file.xib; name = Base; path = Base.lproj/LaunchScreen.xib; sourceTree = "<group>"; };
		746D93581BA36349005D6040 /* SwiftBLEDemoTests.xctest */ = {isa = PBXFileReference; explicitFileType = wrapper.cfbundle; includeInIndex = 0; path = SwiftBLEDemoTests.xctest; sourceTree = BUILT_PRODUCTS_DIR; };
		746D935D1BA36349005D6040 /* Info.plist */ = {isa = PBXFileReference; lastKnownFileType = text.plist.xml; path = Info.plist; sourceTree = "<group>"; };
		746D935E1BA36349005D6040 /* SwiftBLEDemoTests.swift */ = {isa = PBXFileReference; lastKnownFileType = sourcecode.swift; path = SwiftBLEDemoTests.swift; sourceTree = "<group>"; };
		746D93681BA3664C005D6040 /* CoreBluetooth.framework */ = {isa = PBXFileReference; lastKnownFileType = wrapper.framework; name = CoreBluetooth.framework; path = System/Library/Frameworks/CoreBluetooth.framework; sourceTree = SDKROOT; };
		746D936A1BA36667005D6040 /* PeripheralViewController.swift */ = {isa = PBXFileReference; fileEncoding = 4; lastKnownFileType = sourcecode.swift; path = PeripheralViewController.swift; sourceTree = "<group>"; };
		746D936C1BA36FF5005D6040 /* Constants.swift */ = {isa = PBXFileReference; fileEncoding = 4; lastKnownFileType = sourcecode.swift; path = Constants.swift; sourceTree = "<group>"; };
		746D936E1BA42CE8005D6040 /* CentralViewController.swift */ = {isa = PBXFileReference; fileEncoding = 4; lastKnownFileType = sourcecode.swift; path = CentralViewController.swift; sourceTree = "<group>"; };
/* End PBXFileReference section */

/* Begin PBXFrameworksBuildPhase section */
		746D93401BA36348005D6040 /* Frameworks */ = {
			isa = PBXFrameworksBuildPhase;
			buildActionMask = 2147483647;
			files = (
				746D93691BA3664C005D6040 /* CoreBluetooth.framework in Frameworks */,
			);
			runOnlyForDeploymentPostprocessing = 0;
		};
		746D93551BA36349005D6040 /* Frameworks */ = {
			isa = PBXFrameworksBuildPhase;
			buildActionMask = 2147483647;
			files = (
			);
			runOnlyForDeploymentPostprocessing = 0;
		};
/* End PBXFrameworksBuildPhase section */

/* Begin PBXGroup section */
		746D933A1BA36348005D6040 = {
			isa = PBXGroup;
			children = (
				746D93681BA3664C005D6040 /* CoreBluetooth.framework */,
				746D93451BA36348005D6040 /* SwiftBLEDemo */,
				746D935B1BA36349005D6040 /* SwiftBLEDemoTests */,
				746D93441BA36348005D6040 /* Products */,
			);
			sourceTree = "<group>";
		};
		746D93441BA36348005D6040 /* Products */ = {
			isa = PBXGroup;
			children = (
				746D93431BA36348005D6040 /* SwiftBLEDemo.app */,
				746D93581BA36349005D6040 /* SwiftBLEDemoTests.xctest */,
			);
			name = Products;
			sourceTree = "<group>";
		};
		746D93451BA36348005D6040 /* SwiftBLEDemo */ = {
			isa = PBXGroup;
			children = (
				746D93481BA36348005D6040 /* AppDelegate.swift */,
				746D934A1BA36349005D6040 /* ViewController.swift */,
				746D934C1BA36349005D6040 /* Main.storyboard */,
				746D934F1BA36349005D6040 /* Images.xcassets */,
				746D93511BA36349005D6040 /* LaunchScreen.xib */,
				746D93461BA36348005D6040 /* Supporting Files */,
				746D936C1BA36FF5005D6040 /* Constants.swift */,
				746D936A1BA36667005D6040 /* PeripheralViewController.swift */,
				746D936E1BA42CE8005D6040 /* CentralViewController.swift */,
			);
			path = SwiftBLEDemo;
			sourceTree = "<group>";
		};
		746D93461BA36348005D6040 /* Supporting Files */ = {
			isa = PBXGroup;
			children = (
				746D93471BA36348005D6040 /* Info.plist */,
			);
			name = "Supporting Files";
			sourceTree = "<group>";
		};
		746D935B1BA36349005D6040 /* SwiftBLEDemoTests */ = {
			isa = PBXGroup;
			children = (
				746D935E1BA36349005D6040 /* SwiftBLEDemoTests.swift */,
				746D935C1BA36349005D6040 /* Supporting Files */,
			);
			path = SwiftBLEDemoTests;
			sourceTree = "<group>";
		};
		746D935C1BA36349005D6040 /* Supporting Files */ = {
			isa = PBXGroup;
			children = (
				746D935D1BA36349005D6040 /* Info.plist */,
			);
			name = "Supporting Files";
			sourceTree = "<group>";
		};
/* End PBXGroup section */

/* Begin PBXNativeTarget section */
		746D93421BA36348005D6040 /* SwiftBLEDemo */ = {
			isa = PBXNativeTarget;
			buildConfigurationList = 746D93621BA36349005D6040 /* Build configuration list for PBXNativeTarget "SwiftBLEDemo" */;
			buildPhases = (
				746D933F1BA36348005D6040 /* Sources */,
				746D93401BA36348005D6040 /* Frameworks */,
				746D93411BA36348005D6040 /* Resources */,
			);
			buildRules = (
			);
			dependencies = (
			);
			name = SwiftBLEDemo;
			productName = SwiftBLEDemo;
			productReference = 746D93431BA36348005D6040 /* SwiftBLEDemo.app */;
			productType = "com.apple.product-type.application";
		};
		746D93571BA36349005D6040 /* SwiftBLEDemoTests */ = {
			isa = PBXNativeTarget;
			buildConfigurationList = 746D93651BA36349005D6040 /* Build configuration list for PBXNativeTarget "SwiftBLEDemoTests" */;
			buildPhases = (
				746D93541BA36349005D6040 /* Sources */,
				746D93551BA36349005D6040 /* Frameworks */,
				746D93561BA36349005D6040 /* Resources */,
			);
			buildRules = (
			);
			dependencies = (
				746D935A1BA36349005D6040 /* PBXTargetDependency */,
			);
			name = SwiftBLEDemoTests;
			productName = SwiftBLEDemoTests;
			productReference = 746D93581BA36349005D6040 /* SwiftBLEDemoTests.xctest */;
			productType = "com.apple.product-type.bundle.unit-test";
		};
/* End PBXNativeTarget section */

/* Begin PBXProject section */
		746D933B1BA36348005D6040 /* Project object */ = {
			isa = PBXProject;
			attributes = {
				LastUpgradeCheck = 0640;
				ORGANIZATIONNAME = mokelab;
				TargetAttributes = {
					746D93421BA36348005D6040 = {
						CreatedOnToolsVersion = 6.4;
					};
					746D93571BA36349005D6040 = {
						CreatedOnToolsVersion = 6.4;
						TestTargetID = 746D93421BA36348005D6040;
					};
				};
			};
			buildConfigurationList = 746D933E1BA36348005D6040 /* Build configuration list for PBXProject "SwiftBLEDemo" */;
			compatibilityVersion = "Xcode 3.2";
			developmentRegion = English;
			hasScannedForEncodings = 0;
			knownRegions = (
				en,
				Base,
			);
			mainGroup = 746D933A1BA36348005D6040;
			productRefGroup = 746D93441BA36348005D6040 /* Products */;
			projectDirPath = "";
			projectRoot = "";
			targets = (
				746D93421BA36348005D6040 /* SwiftBLEDemo */,
				746D93571BA36349005D6040 /* SwiftBLEDemoTests */,
			);
		};
/* End PBXProject section */

/* Begin PBXResourcesBuildPhase section */
		746D93411BA36348005D6040 /* Resources */ = {
			isa = PBXResourcesBuildPhase;
			buildActionMask = 2147483647;
			files = (
				746D934E1BA36349005D6040 /* Main.storyboard in Resources */,
				746D93531BA36349005D6040 /* LaunchScreen.xib in Resources */,
				746D93501BA36349005D6040 /* Images.xcassets in Resources */,
			);
			runOnlyForDeploymentPostprocessing = 0;
		};
		746D93561BA36349005D6040 /* Resources */ = {
			isa = PBXResourcesBuildPhase;
			buildActionMask = 2147483647;
			files = (
			);
			runOnlyForDeploymentPostprocessing = 0;
		};
/* End PBXResourcesBuildPhase section */

/* Begin PBXSourcesBuildPhase section */
		746D933F1BA36348005D6040 /* Sources */ = {
			isa = PBXSourcesBuildPhase;
			buildActionMask = 2147483647;
			files = (
				746D934B1BA36349005D6040 /* ViewController.swift in Sources */,
				746D936F1BA42CE8005D6040 /* CentralViewController.swift in Sources */,
				746D936B1BA36667005D6040 /* PeripheralViewController.swift in Sources */,
				746D93491BA36349005D6040 /* AppDelegate.swift in Sources */,
				746D936D1BA36FF5005D6040 /* Constants.swift in Sources */,
			);
			runOnlyForDeploymentPostprocessing = 0;
		};
		746D93541BA36349005D6040 /* Sources */ = {
			isa = PBXSourcesBuildPhase;
			buildActionMask = 2147483647;
			files = (
				746D935F1BA36349005D6040 /* SwiftBLEDemoTests.swift in Sources */,
			);
			runOnlyForDeploymentPostprocessing = 0;
		};
/* End PBXSourcesBuildPhase section */

/* Begin PBXTargetDependency section */
		746D935A1BA36349005D6040 /* PBXTargetDependency */ = {
			isa = PBXTargetDependency;
			target = 746D93421BA36348005D6040 /* SwiftBLEDemo */;
			targetProxy = 746D93591BA36349005D6040 /* PBXContainerItemProxy */;
		};
/* End PBXTargetDependency section */

/* Begin PBXVariantGroup section */
		746D934C1BA36349005D6040 /* Main.storyboard */ = {
			isa = PBXVariantGroup;
			children = (
				746D934D1BA36349005D6040 /* Base */,
			);
			name = Main.storyboard;
			sourceTree = "<group>";
		};
		746D93511BA36349005D6040 /* LaunchScreen.xib */ = {
			isa = PBXVariantGroup;
			children = (
				746D93521BA36349005D6040 /* Base */,
			);
			name = LaunchScreen.xib;
			sourceTree = "<group>";
		};
/* End PBXVariantGroup section */

/* Begin XCBuildConfiguration section */
		746D93601BA36349005D6040 /* Debug */ = {
			isa = XCBuildConfiguration;
			buildSettings = {
				ALWAYS_SEARCH_USER_PATHS = NO;
				CLANG_CXX_LANGUAGE_STANDARD = "gnu++0x";
				CLANG_CXX_LIBRARY = "libc++";
				CLANG_ENABLE_MODULES = YES;
				CLANG_ENABLE_OBJC_ARC = YES;
				CLANG_WARN_BOOL_CONVERSION = YES;
				CLANG_WARN_CONSTANT_CONVERSION = YES;
				CLANG_WARN_DIRECT_OBJC_ISA_USAGE = YES_ERROR;
				CLANG_WARN_EMPTY_BODY = YES;
				CLANG_WARN_ENUM_CONVERSION = YES;
				CLANG_WARN_INT_CONVERSION = YES;
				CLANG_WARN_OBJC_ROOT_CLASS = YES_ERROR;
				CLANG_WARN_UNREACHABLE_CODE = YES;
				CLANG_WARN__DUPLICATE_METHOD_MATCH = YES;
				"CODE_SIGN_IDENTITY[sdk=iphoneos*]" = "iPhone Developer";
				COPY_PHASE_STRIP = NO;
				DEBUG_INFORMATION_FORMAT = "dwarf-with-dsym";
				ENABLE_STRICT_OBJC_MSGSEND = YES;
				GCC_C_LANGUAGE_STANDARD = gnu99;
				GCC_DYNAMIC_NO_PIC = NO;
				GCC_NO_COMMON_BLOCKS = YES;
				GCC_OPTIMIZATION_LEVEL = 0;
				GCC_PREPROCESSOR_DEFINITIONS = (
					"DEBUG=1",
					"$(inherited)",
				);
				GCC_SYMBOLS_PRIVATE_EXTERN = NO;
				GCC_WARN_64_TO_32_BIT_CONVERSION = YES;
				GCC_WARN_ABOUT_RETURN_TYPE = YES_ERROR;
				GCC_WARN_UNDECLARED_SELECTOR = YES;
				GCC_WARN_UNINITIALIZED_AUTOS = YES_AGGRESSIVE;
				GCC_WARN_UNUSED_FUNCTION = YES;
				GCC_WARN_UNUSED_VARIABLE = YES;
				IPHONEOS_DEPLOYMENT_TARGET = 8.4;
				MTL_ENABLE_DEBUG_INFO = YES;
				ONLY_ACTIVE_ARCH = YES;
				SDKROOT = iphoneos;
				SWIFT_OPTIMIZATION_LEVEL = "-Onone";
				TARGETED_DEVICE_FAMILY = "1,2";
			};
			name = Debug;
		};
		746D93611BA36349005D6040 /* Release */ = {
			isa = XCBuildConfiguration;
			buildSettings = {
				ALWAYS_SEARCH_USER_PATHS = NO;
				CLANG_CXX_LANGUAGE_STANDARD = "gnu++0x";
				CLANG_CXX_LIBRARY = "libc++";
				CLANG_ENABLE_MODULES = YES;
				CLANG_ENABLE_OBJC_ARC = YES;
				CLANG_WARN_BOOL_CONVERSION = YES;
				CLANG_WARN_CONSTANT_CONVERSION = YES;
				CLANG_WARN_DIRECT_OBJC_ISA_USAGE = YES_ERROR;
				CLANG_WARN_EMPTY_BODY = YES;
				CLANG_WARN_ENUM_CONVERSION = YES;
				CLANG_WARN_INT_CONVERSION = YES;
				CLANG_WARN_OBJC_ROOT_CLASS = YES_ERROR;
				CLANG_WARN_UNREACHABLE_CODE = YES;
				CLANG_WARN__DUPLICATE_METHOD_MATCH = YES;
				"CODE_SIGN_IDENTITY[sdk=iphoneos*]" = "iPhone Developer";
				COPY_PHASE_STRIP = NO;
				DEBUG_INFORMATION_FORMAT = "dwarf-with-dsym";
				ENABLE_NS_ASSERTIONS = NO;
				ENABLE_STRICT_OBJC_MSGSEND = YES;
				GCC_C_LANGUAGE_STANDARD = gnu99;
				GCC_NO_COMMON_BLOCKS = YES;
				GCC_WARN_64_TO_32_BIT_CONVERSION = YES;
				GCC_WARN_ABOUT_RETURN_TYPE = YES_ERROR;
				GCC_WARN_UNDECLARED_SELECTOR = YES;
				GCC_WARN_UNINITIALIZED_AUTOS = YES_AGGRESSIVE;
				GCC_WARN_UNUSED_FUNCTION = YES;
				GCC_WARN_UNUSED_VARIABLE = YES;
				IPHONEOS_DEPLOYMENT_TARGET = 8.4;
				MTL_ENABLE_DEBUG_INFO = NO;
				SDKROOT = iphoneos;
				TARGETED_DEVICE_FAMILY = "1,2";
				VALIDATE_PRODUCT = YES;
			};
			name = Release;
		};
		746D93631BA36349005D6040 /* Debug */ = {
			isa = XCBuildConfiguration;
			buildSettings = {
				ASSETCATALOG_COMPILER_APPICON_NAME = AppIcon;
				INFOPLIST_FILE = SwiftBLEDemo/Info.plist;
				IPHONEOS_DEPLOYMENT_TARGET = 8.2;
				LD_RUNPATH_SEARCH_PATHS = "$(inherited) @executable_path/Frameworks";
				PRODUCT_NAME = "$(TARGET_NAME)";
			};
			name = Debug;
		};
		746D93641BA36349005D6040 /* Release */ = {
			isa = XCBuildConfiguration;
			buildSettings = {
				ASSETCATALOG_COMPILER_APPICON_NAME = AppIcon;
				INFOPLIST_FILE = SwiftBLEDemo/Info.plist;
				IPHONEOS_DEPLOYMENT_TARGET = 8.2;
				LD_RUNPATH_SEARCH_PATHS = "$(inherited) @executable_path/Frameworks";
				PRODUCT_NAME = "$(TARGET_NAME)";
			};
			name = Release;
		};
		746D93661BA36349005D6040 /* Debug */ = {
			isa = XCBuildConfiguration;
			buildSettings = {
				BUNDLE_LOADER = "$(TEST_HOST)";
				FRAMEWORK_SEARCH_PATHS = (
					"$(SDKROOT)/Developer/Library/Frameworks",
					"$(inherited)",
				);
				GCC_PREPROCESSOR_DEFINITIONS = (
					"DEBUG=1",
					"$(inherited)",
				);
				INFOPLIST_FILE = SwiftBLEDemoTests/Info.plist;
				LD_RUNPATH_SEARCH_PATHS = "$(inherited) @executable_path/Frameworks @loader_path/Frameworks";
				PRODUCT_NAME = "$(TARGET_NAME)";
				TEST_HOST = "$(BUILT_PRODUCTS_DIR)/SwiftBLEDemo.app/SwiftBLEDemo";
			};
			name = Debug;
		};
		746D93671BA36349005D6040 /* Release */ = {
			isa = XCBuildConfiguration;
			buildSettings = {
				BUNDLE_LOADER = "$(TEST_HOST)";
				FRAMEWORK_SEARCH_PATHS = (
					"$(SDKROOT)/Developer/Library/Frameworks",
					"$(inherited)",
				);
				INFOPLIST_FILE = SwiftBLEDemoTests/Info.plist;
				LD_RUNPATH_SEARCH_PATHS = "$(inherited) @executable_path/Frameworks @loader_path/Frameworks";
				PRODUCT_NAME = "$(TARGET_NAME)";
				TEST_HOST = "$(BUILT_PRODUCTS_DIR)/SwiftBLEDemo.app/SwiftBLEDemo";
			};
			name = Release;
		};
/* End XCBuildConfiguration section */

/* Begin XCConfigurationList section */
		746D933E1BA36348005D6040 /* Build configuration list for PBXProject "SwiftBLEDemo" */ = {
			isa = XCConfigurationList;
			buildConfigurations = (
				746D93601BA36349005D6040 /* Debug */,
				746D93611BA36349005D6040 /* Release */,
			);
			defaultConfigurationIsVisible = 0;
			defaultConfigurationName = Release;
		};
		746D93621BA36349005D6040 /* Build configuration list for PBXNativeTarget "SwiftBLEDemo" */ = {
			isa = XCConfigurationList;
			buildConfigurations = (
				746D93631BA36349005D6040 /* Debug */,
				746D93641BA36349005D6040 /* Release */,
			);
			defaultConfigurationIsVisible = 0;
		};
		746D93651BA36349005D6040 /* Build configuration list for PBXNativeTarget "SwiftBLEDemoTests" */ = {
			isa = XCConfigurationList;
			buildConfigurations = (
				746D93661BA36349005D6040 /* Debug */,
				746D93671BA36349005D6040 /* Release */,
			);
			defaultConfigurationIsVisible = 0;
		};
/* End XCConfigurationList section */
	};
	rootObject = 746D933B1BA36348005D6040 /* Project object */;
}
